
Microsoft Visual Studio Solution File, Format Version 12.00
# Visual Studio 15
VisualStudioVersion = 15.0.28307.329
MinimumVisualStudioVersion = 10.0.40219.1
Project("{FAE04EC0-301F-11D3-BF4B-00C04F79EFBC}") = "Service", "Service\Service.csproj", "{447229F8-1674-4FF0-8B84-24BF04106CBA}"
EndProject
Project("{FAE04EC0-301F-11D3-BF4B-00C04F79EFBC}") = "Server", "Server\Server.csproj", "{EEDAAA55-AA61-47E9-B3AB-99D6A2E0887E}"
EndProject
Project("{FAE04EC0-301F-11D3-BF4B-00C04F79EFBC}") = "Client", "Client\Client.csproj", "{8369BAA3-6D27-4B77-8C98-8C52E2CAAE43}"
	ProjectSection(ProjectDependencies) = postProject
		{447229F8-1674-4FF0-8B84-24BF04106CBA} = {447229F8-1674-4FF0-8B84-24BF04106CBA}
	EndProjectSection
EndProject
Global
	GlobalSection(SolutionConfigurationPlatforms) = preSolution
		Debug|Any CPU = Debug|Any CPU
		Release|Any CPU = Release|Any CPU
	EndGlobalSection
	GlobalSection(ProjectConfigurationPlatforms) = postSolution
		{447229F8-1674-4FF0-8B84-24BF04106CBA}.Debug|Any CPU.ActiveCfg = Debug|Any CPU
		{447229F8-1674-4FF0-8B84-24BF04106CBA}.Debug|Any CPU.Build.0 = Debug|Any CPU
		{447229F8-1674-4FF0-8B84-24BF04106CBA}.Release|Any CPU.ActiveCfg = Release|Any CPU
		{447229F8-1674-4FF0-8B84-24BF04106CBA}.Release|Any CPU.Build.0 = Release|Any CPU
		{EEDAAA55-AA61-47E9-B3AB-99D6A2E0887E}.Debug|Any CPU.ActiveCfg = Debug|Any CPU
		{EEDAAA55-AA61-47E9-B3AB-99D6A2E0887E}.Debug|Any CPU.Build.0 = Debug|Any CPU
		{EEDAAA55-AA61-47E9-B3AB-99D6A2E0887E}.Release|Any CPU.ActiveCfg = Release|Any CPU
		{EEDAAA55-AA61-47E9-B3AB-99D6A2E0887E}.Release|Any CPU.Build.0 = Release|Any CPU
		{8369BAA3-6D27-4B77-8C98-8C52E2CAAE43}.Debug|Any CPU.ActiveCfg = Debug|Any CPU
		{8369BAA3-6D27-4B77-8C98-8C52E2CAAE43}.Debug|Any CPU.Build.0 = Debug|Any CPU
		{8369BAA3-6D27-4B77-8C98-8C52E2CAAE43}.Release|Any CPU.ActiveCfg = Release|Any CPU
		{8369BAA3-6D27-4B77-8C98-8C52E2CAAE43}.Release|Any CPU.Build.0 = Release|Any CPU
	EndGlobalSection
	GlobalSection(SolutionProperties) = preSolution
		HideSolutionNode = FALSE
	EndGlobalSection
	GlobalSection(ExtensibilityGlobals) = postSolution
		SolutionGuid = {4D94B4F8-EEA7-4E99-9496-56E3E1AD2730}
	EndGlobalSection
EndGlobal
